
Microsoft Visual Studio Solution File, Format Version 12.00
# Visual Studio 15
VisualStudioVersion = 15.0.27130.2027
MinimumVisualStudioVersion = 10.0.40219.1
Project("{FAE04EC0-301F-11D3-BF4B-00C04F79EFBC}") = "RecipeApp.UI", "RecipeApp.UI\RecipeApp.UI.csproj", "{9227E87F-826F-49B7-BD63-82F67BA88894}"
EndProject
Project("{9A19103F-16F7-4668-BE54-9A1E7A4F7556}") = "RecipeApp.Backend", "RecipeApp.Backend\RecipeApp.Backend.csproj", "{DD6DAA26-8B87-47E9-8C62-274F836986D0}"
EndProject
Project("{9A19103F-16F7-4668-BE54-9A1E7A4F7556}") = "RecipeApp.Service", "RecipeApp.Service\RecipeApp.Service.csproj", "{B19852E1-F82C-41FC-9FAD-3FEE5032177D}"
EndProject
Project("{9A19103F-16F7-4668-BE54-9A1E7A4F7556}") = "RecipeApp.Repository", "RecipeApp.Repository\RecipeApp.Repository.csproj", "{A9F9355D-78A8-46B2-97B4-6615C3571DBF}"
EndProject
Project("{2150E333-8FDC-42A3-9474-1A3956D46DE8}") = "Solution Items", "Solution Items", "{BD67A927-7587-42ED-9516-6C3E821BF4DB}"
	ProjectSection(SolutionItems) = preProject
		Requirements.txt = Requirements.txt
	EndProjectSection
EndProject
Project("{9A19103F-16F7-4668-BE54-9A1E7A4F7556}") = "RecipeApp.Shared", "RecipeApp.Shared\RecipeApp.Shared.csproj", "{D1BE8C97-99A6-45E6-8523-6050F79783A3}"
EndProject
Global
	GlobalSection(SolutionConfigurationPlatforms) = preSolution
		Debug Live|Any CPU = Debug Live|Any CPU
		Debug|Any CPU = Debug|Any CPU
		Release|Any CPU = Release|Any CPU
	EndGlobalSection
	GlobalSection(ProjectConfigurationPlatforms) = postSolution
		{9227E87F-826F-49B7-BD63-82F67BA88894}.Debug Live|Any CPU.ActiveCfg = Debug Live|Any CPU
		{9227E87F-826F-49B7-BD63-82F67BA88894}.Debug Live|Any CPU.Build.0 = Debug Live|Any CPU
		{9227E87F-826F-49B7-BD63-82F67BA88894}.Debug|Any CPU.ActiveCfg = Debug|Any CPU
		{9227E87F-826F-49B7-BD63-82F67BA88894}.Debug|Any CPU.Build.0 = Debug|Any CPU
		{9227E87F-826F-49B7-BD63-82F67BA88894}.Release|Any CPU.ActiveCfg = Release|Any CPU
		{9227E87F-826F-49B7-BD63-82F67BA88894}.Release|Any CPU.Build.0 = Release|Any CPU
		{DD6DAA26-8B87-47E9-8C62-274F836986D0}.Debug Live|Any CPU.ActiveCfg = Debug Live|Any CPU
		{DD6DAA26-8B87-47E9-8C62-274F836986D0}.Debug Live|Any CPU.Build.0 = Debug Live|Any CPU
		{DD6DAA26-8B87-47E9-8C62-274F836986D0}.Debug|Any CPU.ActiveCfg = Debug|Any CPU
		{DD6DAA26-8B87-47E9-8C62-274F836986D0}.Debug|Any CPU.Build.0 = Debug|Any CPU
		{DD6DAA26-8B87-47E9-8C62-274F836986D0}.Release|Any CPU.ActiveCfg = Release|Any CPU
		{DD6DAA26-8B87-47E9-8C62-274F836986D0}.Release|Any CPU.Build.0 = Release|Any CPU
		{B19852E1-F82C-41FC-9FAD-3FEE5032177D}.Debug Live|Any CPU.ActiveCfg = Debug Live|Any CPU
		{B19852E1-F82C-41FC-9FAD-3FEE5032177D}.Debug Live|Any CPU.Build.0 = Debug Live|Any CPU
		{B19852E1-F82C-41FC-9FAD-3FEE5032177D}.Debug|Any CPU.ActiveCfg = Debug|Any CPU
		{B19852E1-F82C-41FC-9FAD-3FEE5032177D}.Debug|Any CPU.Build.0 = Debug|Any CPU
		{B19852E1-F82C-41FC-9FAD-3FEE5032177D}.Release|Any CPU.ActiveCfg = Release|Any CPU
		{B19852E1-F82C-41FC-9FAD-3FEE5032177D}.Release|Any CPU.Build.0 = Release|Any CPU
		{A9F9355D-78A8-46B2-97B4-6615C3571DBF}.Debug Live|Any CPU.ActiveCfg = Debug Live|Any CPU
		{A9F9355D-78A8-46B2-97B4-6615C3571DBF}.Debug Live|Any CPU.Build.0 = Debug Live|Any CPU
		{A9F9355D-78A8-46B2-97B4-6615C3571DBF}.Debug|Any CPU.ActiveCfg = Debug|Any CPU
		{A9F9355D-78A8-46B2-97B4-6615C3571DBF}.Debug|Any CPU.Build.0 = Debug|Any CPU
		{A9F9355D-78A8-46B2-97B4-6615C3571DBF}.Release|Any CPU.ActiveCfg = Release|Any CPU
		{A9F9355D-78A8-46B2-97B4-6615C3571DBF}.Release|Any CPU.Build.0 = Release|Any CPU
		{D1BE8C97-99A6-45E6-8523-6050F79783A3}.Debug Live|Any CPU.ActiveCfg = Debug Live|Any CPU
		{D1BE8C97-99A6-45E6-8523-6050F79783A3}.Debug Live|Any CPU.Build.0 = Debug Live|Any CPU
		{D1BE8C97-99A6-45E6-8523-6050F79783A3}.Debug|Any CPU.ActiveCfg = Debug|Any CPU
		{D1BE8C97-99A6-45E6-8523-6050F79783A3}.Debug|Any CPU.Build.0 = Debug|Any CPU
		{D1BE8C97-99A6-45E6-8523-6050F79783A3}.Release|Any CPU.ActiveCfg = Release|Any CPU
		{D1BE8C97-99A6-45E6-8523-6050F79783A3}.Release|Any CPU.Build.0 = Release|Any CPU
	EndGlobalSection
	GlobalSection(SolutionProperties) = preSolution
		HideSolutionNode = FALSE
	EndGlobalSection
	GlobalSection(ExtensibilityGlobals) = postSolution
		SolutionGuid = {BB00FB99-A6EC-4EA8-84A8-FB4987F8980E}
	EndGlobalSection
EndGlobal
